latere.ai/x/pkg v0.30.0 h1:RO1Q1i4IYz4vgYqmOspiJ5Il2Xv/LA29s95/D3YqO4E=
latere.ai/x/pkg v0.30.0/go.mod h1:ucgMG9lzz5IwQ986hCp3sutOu9Hg2nSbj9u8wZDHFjc=
latere.ai/x/pkg v0.31.0 h1:OcuBZKLUqpH9Df78skw458kHxURiTJwjvW9Rrf3iRfU=
latere.ai/x/pkg v0.31.0/go.mod h1:ucgMG9lzz5IwQ986hCp3sutOu9Hg2nSbj9u8wZDHFjc=
