github.com/goccy/go-yaml v1.19.2 h1:PmFC1S6h8ljIz6gMRBopkjP1TVT7xuwrButHID66PoM=
github.com/goccy/go-yaml v1.19.2/go.mod h1:XBurs7gK8ATbW4ZPGKgcbrY1Br56PdM69F7LkFRi1kA=
latere.ai/x/ci-gate v0.25.2 h1:T9Iv+Nd84XWYqIdr+A385C19GaQoBprYN8PyJbspS9Y=
latere.ai/x/ci-gate v0.25.2/go.mod h1:Iw6RuLhPgpP+hRfVTb0UxnygMyZIi1U7E0/iM5fbAhA=
latere.ai/x/pkg v0.50.0 h1:SwzOz+rawDgedmE8LtYDJT/l5IbCB26JVDVFuyB4XRk=
latere.ai/x/pkg v0.50.0/go.mod h1:bb5bOZNIH1LUGie0l09SFKwA1JOFNaIzTFy9pK2akQY=
